
Microsoft Visual Studio Solution File, Format Version 12.00
# Visual Studio 15
VisualStudioVersion = 15.0.28010.2026
MinimumVisualStudioVersion = 10.0.40219.1
Project("{FAE04EC0-301F-11D3-BF4B-00C04F79EFBC}") = "Tarea-SQL-Server", "Tarea-SQL-Server\Tarea-SQL-Server.csproj", "{99DEDD58-5336-427B-9B4B-08978695BD04}"
EndProject
Global
	GlobalSection(SolutionConfigurationPlatforms) = preSolution
		Debug|Any CPU = Debug|Any CPU
		Release|Any CPU = Release|Any CPU
	EndGlobalSection
	GlobalSection(ProjectConfigurationPlatforms) = postSolution
		{99DEDD58-5336-427B-9B4B-08978695BD04}.Debug|Any CPU.ActiveCfg = Debug|Any CPU
		{99DEDD58-5336-427B-9B4B-08978695BD04}.Debug|Any CPU.Build.0 = Debug|Any CPU
		{99DEDD58-5336-427B-9B4B-08978695BD04}.Release|Any CPU.ActiveCfg = Release|Any CPU
		{99DEDD58-5336-427B-9B4B-08978695BD04}.Release|Any CPU.Build.0 = Release|Any CPU
	EndGlobalSection
	GlobalSection(SolutionProperties) = preSolution
		HideSolutionNode = FALSE
	EndGlobalSection
	GlobalSection(ExtensibilityGlobals) = postSolution
		SolutionGuid = {C77D819F-C820-4684-8A0B-30C1BE4C1CA4}
	EndGlobalSection
EndGlobal
